// !$*UTF8*$!
{
	archiveVersion = 1;
	classes = {
	};
	objectVersion = 50;
	objects = {

/* Begin PBXBuildFile section */
		F68D68FE244F780F0017283F /* AppDelegate.swift in Sources */ = {isa = PBXBuildFile; fileRef = F68D68FD244F780F0017283F /* AppDelegate.swift */; };
		F68D6900244F780F0017283F /* SceneDelegate.swift in Sources */ = {isa = PBXBuildFile; fileRef = F68D68FF244F780F0017283F /* SceneDelegate.swift */; };
		F68D6907244F78130017283F /* Assets.xcassets in Resources */ = {isa = PBXBuildFile; fileRef = F68D6906244F78130017283F /* Assets.xcassets */; };
		F68D690A244F78130017283F /* LaunchScreen.storyboard in Resources */ = {isa = PBXBuildFile; fileRef = F68D6908244F78130017283F /* LaunchScreen.storyboard */; };
		F68D6913244FAABF0017283F /* AlbumsListVC.swift in Sources */ = {isa = PBXBuildFile; fileRef = F68D6912244FAABF0017283F /* AlbumsListVC.swift */; };
		F68D6916244FAC530017283F /* NetworkManager.swift in Sources */ = {isa = PBXBuildFile; fileRef = F68D6915244FAC530017283F /* NetworkManager.swift */; };
		F68D691A244FAD870017283F /* ALNetworkError.swift in Sources */ = {isa = PBXBuildFile; fileRef = F68D6919244FAD870017283F /* ALNetworkError.swift */; };
		F68D691D244FCB5D0017283F /* Album.swift in Sources */ = {isa = PBXBuildFile; fileRef = F68D691C244FCB5D0017283F /* Album.swift */; };
		F68D691F244FCC1B0017283F /* Constants.swift in Sources */ = {isa = PBXBuildFile; fileRef = F68D691E244FCC1B0017283F /* Constants.swift */; };
		F68D6922245246570017283F /* ALTitleLabel.swift in Sources */ = {isa = PBXBuildFile; fileRef = F68D6921245246570017283F /* ALTitleLabel.swift */; };
		F68D69242452478C0017283F /* ALSecondaryTitleLabel.swift in Sources */ = {isa = PBXBuildFile; fileRef = F68D69232452478C0017283F /* ALSecondaryTitleLabel.swift */; };
		F68D692C245249450017283F /* ALAlbumArtImageView.swift in Sources */ = {isa = PBXBuildFile; fileRef = F68D692B245249450017283F /* ALAlbumArtImageView.swift */; };
		F68D693024524A790017283F /* UIImageView + Extension.swift in Sources */ = {isa = PBXBuildFile; fileRef = F68D692F24524A790017283F /* UIImageView + Extension.swift */; };
		F68D6934245252230017283F /* ALAlbumCell.swift in Sources */ = {isa = PBXBuildFile; fileRef = F68D6933245252230017283F /* ALAlbumCell.swift */; };
/* End PBXBuildFile section */

/* Begin PBXFileReference section */
		F68D68FA244F780F0017283F /* 100AlbumsOfiTunes.app */ = {isa = PBXFileReference; explicitFileType = wrapper.application; includeInIndex = 0; path = 100AlbumsOfiTunes.app; sourceTree = BUILT_PRODUCTS_DIR; };
		F68D68FD244F780F0017283F /* AppDelegate.swift */ = {isa = PBXFileReference; lastKnownFileType = sourcecode.swift; path = AppDelegate.swift; sourceTree = "<group>"; };
		F68D68FF244F780F0017283F /* SceneDelegate.swift */ = {isa = PBXFileReference; lastKnownFileType = sourcecode.swift; path = SceneDelegate.swift; sourceTree = "<group>"; };
		F68D6906244F78130017283F /* Assets.xcassets */ = {isa = PBXFileReference; lastKnownFileType = folder.assetcatalog; path = Assets.xcassets; sourceTree = "<group>"; };
		F68D6909244F78130017283F /* Base */ = {isa = PBXFileReference; lastKnownFileType = file.storyboard; name = Base; path = Base.lproj/LaunchScreen.storyboard; sourceTree = "<group>"; };
		F68D690B244F78130017283F /* Info.plist */ = {isa = PBXFileReference; lastKnownFileType = text.plist.xml; path = Info.plist; sourceTree = "<group>"; };
		F68D6912244FAABF0017283F /* AlbumsListVC.swift */ = {isa = PBXFileReference; lastKnownFileType = sourcecode.swift; path = AlbumsListVC.swift; sourceTree = "<group>"; };
		F68D6915244FAC530017283F /* NetworkManager.swift */ = {isa = PBXFileReference; lastKnownFileType = sourcecode.swift; path = NetworkManager.swift; sourceTree = "<group>"; };
		F68D6919244FAD870017283F /* ALNetworkError.swift */ = {isa = PBXFileReference; lastKnownFileType = sourcecode.swift; path = ALNetworkError.swift; sourceTree = "<group>"; };
		F68D691C244FCB5D0017283F /* Album.swift */ = {isa = PBXFileReference; lastKnownFileType = sourcecode.swift; path = Album.swift; sourceTree = "<group>"; };
		F68D691E244FCC1B0017283F /* Constants.swift */ = {isa = PBXFileReference; lastKnownFileType = sourcecode.swift; path = Constants.swift; sourceTree = "<group>"; };
		F68D6921245246570017283F /* ALTitleLabel.swift */ = {isa = PBXFileReference; lastKnownFileType = sourcecode.swift; path = ALTitleLabel.swift; sourceTree = "<group>"; };
		F68D69232452478C0017283F /* ALSecondaryTitleLabel.swift */ = {isa = PBXFileReference; lastKnownFileType = sourcecode.swift; path = ALSecondaryTitleLabel.swift; sourceTree = "<group>"; };
		F68D692B245249450017283F /* ALAlbumArtImageView.swift */ = {isa = PBXFileReference; lastKnownFileType = sourcecode.swift; path = ALAlbumArtImageView.swift; sourceTree = "<group>"; };
		F68D692F24524A790017283F /* UIImageView + Extension.swift */ = {isa = PBXFileReference; lastKnownFileType = sourcecode.swift; path = "UIImageView + Extension.swift"; sourceTree = "<group>"; };
		F68D6933245252230017283F /* ALAlbumCell.swift */ = {isa = PBXFileReference; lastKnownFileType = sourcecode.swift; path = ALAlbumCell.swift; sourceTree = "<group>"; };
/* End PBXFileReference section */

/* Begin PBXFrameworksBuildPhase section */
		F68D68F7244F780F0017283F /* Frameworks */ = {
			isa = PBXFrameworksBuildPhase;
			buildActionMask = 2147483647;
			files = (
			);
			runOnlyForDeploymentPostprocessing = 0;
		};
/* End PBXFrameworksBuildPhase section */

/* Begin PBXGroup section */
		F68D68F1244F780F0017283F = {
			isa = PBXGroup;
			children = (
				F68D68FC244F780F0017283F /* 100AlbumsOfiTunes */,
				F68D68FB244F780F0017283F /* Products */,
			);
			sourceTree = "<group>";
		};
		F68D68FB244F780F0017283F /* Products */ = {
			isa = PBXGroup;
			children = (
				F68D68FA244F780F0017283F /* 100AlbumsOfiTunes.app */,
			);
			name = Products;
			sourceTree = "<group>";
		};
		F68D68FC244F780F0017283F /* 100AlbumsOfiTunes */ = {
			isa = PBXGroup;
			children = (
				F68D692E24524A580017283F /* Extensions */,
				F68D691B244FADB80017283F /* Model */,
				F68D69202452461A0017283F /* Custom Views */,
				F68D6918244FAD5B0017283F /* Utilities */,
				F68D6917244FAC570017283F /* Manager */,
				F68D6914244FAAC70017283F /* Screens */,
				F68D6911244F78F30017283F /* Support */,
				F68D6906244F78130017283F /* Assets.xcassets */,
				F68D690B244F78130017283F /* Info.plist */,
			);
			path = 100AlbumsOfiTunes;
			sourceTree = "<group>";
		};
		F68D6911244F78F30017283F /* Support */ = {
			isa = PBXGroup;
			children = (
				F68D68FD244F780F0017283F /* AppDelegate.swift */,
				F68D68FF244F780F0017283F /* SceneDelegate.swift */,
				F68D6908244F78130017283F /* LaunchScreen.storyboard */,
			);
			path = Support;
			sourceTree = "<group>";
		};
		F68D6914244FAAC70017283F /* Screens */ = {
			isa = PBXGroup;
			children = (
				F68D6912244FAABF0017283F /* AlbumsListVC.swift */,
			);
			path = Screens;
			sourceTree = "<group>";
		};
		F68D6917244FAC570017283F /* Manager */ = {
			isa = PBXGroup;
			children = (
				F68D6915244FAC530017283F /* NetworkManager.swift */,
			);
			path = Manager;
			sourceTree = "<group>";
		};
		F68D6918244FAD5B0017283F /* Utilities */ = {
			isa = PBXGroup;
			children = (
				F68D6919244FAD870017283F /* ALNetworkError.swift */,
				F68D691E244FCC1B0017283F /* Constants.swift */,
			);
			path = Utilities;
			sourceTree = "<group>";
		};
		F68D691B244FADB80017283F /* Model */ = {
			isa = PBXGroup;
			children = (
				F68D691C244FCB5D0017283F /* Album.swift */,
			);
			path = Model;
			sourceTree = "<group>";
		};
		F68D69202452461A0017283F /* Custom Views */ = {
			isa = PBXGroup;
			children = (
				F68D693524527C980017283F /* Views */,
				F68D6932245251FA0017283F /* Cells */,
				F68D6927245248220017283F /* Labels */,
				F68D693124524D6B0017283F /* Images */,
			);
			path = "Custom Views";
			sourceTree = "<group>";
		};
		F68D6927245248220017283F /* Labels */ = {
			isa = PBXGroup;
			children = (
				F68D6921245246570017283F /* ALTitleLabel.swift */,
				F68D69232452478C0017283F /* ALSecondaryTitleLabel.swift */,
			);
			path = Labels;
			sourceTree = "<group>";
		};
		F68D692E24524A580017283F /* Extensions */ = {
			isa = PBXGroup;
			children = (
				F68D692F24524A790017283F /* UIImageView + Extension.swift */,
			);
			path = Extensions;
			sourceTree = "<group>";
		};
		F68D693124524D6B0017283F /* Images */ = {
			isa = PBXGroup;
			children = (
				F68D692B245249450017283F /* ALAlbumArtImageView.swift */,
			);
			path = Images;
			sourceTree = "<group>";
		};
		F68D6932245251FA0017283F /* Cells */ = {
			isa = PBXGroup;
			children = (
				F68D6933245252230017283F /* ALAlbumCell.swift */,
			);
			path = Cells;
			sourceTree = "<group>";
		};
		F68D693524527C980017283F /* Views */ = {
			isa = PBXGroup;
			children = (
			);
			path = Views;
			sourceTree = "<group>";
		};
/* End PBXGroup section */

/* Begin PBXNativeTarget section */
		F68D68F9244F780F0017283F /* 100AlbumsOfiTunes */ = {
			isa = PBXNativeTarget;
			buildConfigurationList = F68D690E244F78130017283F /* Build configuration list for PBXNativeTarget "100AlbumsOfiTunes" */;
			buildPhases = (
				F68D68F6244F780F0017283F /* Sources */,
				F68D68F7244F780F0017283F /* Frameworks */,
				F68D68F8244F780F0017283F /* Resources */,
			);
			buildRules = (
			);
			dependencies = (
			);
			name = 100AlbumsOfiTunes;
			productName = 100AlbumsOfiTunes;
			productReference = F68D68FA244F780F0017283F /* 100AlbumsOfiTunes.app */;
			productType = "com.apple.product-type.application";
		};
/* End PBXNativeTarget section */

/* Begin PBXProject section */
		F68D68F2244F780F0017283F /* Project object */ = {
			isa = PBXProject;
			attributes = {
				LastSwiftUpdateCheck = 1140;
				LastUpgradeCheck = 1140;
				ORGANIZATIONNAME = com.devKrey;
				TargetAttributes = {
					F68D68F9244F780F0017283F = {
						CreatedOnToolsVersion = 11.4;
					};
				};
			};
			buildConfigurationList = F68D68F5244F780F0017283F /* Build configuration list for PBXProject "100AlbumsOfiTunes" */;
			compatibilityVersion = "Xcode 9.3";
			developmentRegion = en;
			hasScannedForEncodings = 0;
			knownRegions = (
				en,
				Base,
			);
			mainGroup = F68D68F1244F780F0017283F;
			productRefGroup = F68D68FB244F780F0017283F /* Products */;
			projectDirPath = "";
			projectRoot = "";
			targets = (
				F68D68F9244F780F0017283F /* 100AlbumsOfiTunes */,
			);
		};
/* End PBXProject section */

/* Begin PBXResourcesBuildPhase section */
		F68D68F8244F780F0017283F /* Resources */ = {
			isa = PBXResourcesBuildPhase;
			buildActionMask = 2147483647;
			files = (
				F68D690A244F78130017283F /* LaunchScreen.storyboard in Resources */,
				F68D6907244F78130017283F /* Assets.xcassets in Resources */,
			);
			runOnlyForDeploymentPostprocessing = 0;
		};
/* End PBXResourcesBuildPhase section */

/* Begin PBXSourcesBuildPhase section */
		F68D68F6244F780F0017283F /* Sources */ = {
			isa = PBXSourcesBuildPhase;
			buildActionMask = 2147483647;
			files = (
				F68D6916244FAC530017283F /* NetworkManager.swift in Sources */,
				F68D68FE244F780F0017283F /* AppDelegate.swift in Sources */,
				F68D6934245252230017283F /* ALAlbumCell.swift in Sources */,
				F68D691A244FAD870017283F /* ALNetworkError.swift in Sources */,
				F68D6900244F780F0017283F /* SceneDelegate.swift in Sources */,
				F68D6922245246570017283F /* ALTitleLabel.swift in Sources */,
				F68D692C245249450017283F /* ALAlbumArtImageView.swift in Sources */,
				F68D693024524A790017283F /* UIImageView + Extension.swift in Sources */,
				F68D691F244FCC1B0017283F /* Constants.swift in Sources */,
				F68D6913244FAABF0017283F /* AlbumsListVC.swift in Sources */,
				F68D69242452478C0017283F /* ALSecondaryTitleLabel.swift in Sources */,
				F68D691D244FCB5D0017283F /* Album.swift in Sources */,
			);
			runOnlyForDeploymentPostprocessing = 0;
		};
/* End PBXSourcesBuildPhase section */

/* Begin PBXVariantGroup section */
		F68D6908244F78130017283F /* LaunchScreen.storyboard */ = {
			isa = PBXVariantGroup;
			children = (
				F68D6909244F78130017283F /* Base */,
			);
			name = LaunchScreen.storyboard;
			sourceTree = "<group>";
		};
/* End PBXVariantGroup section */

/* Begin XCBuildConfiguration section */
		F68D690C244F78130017283F /* Debug */ = {
			isa = XCBuildConfiguration;
			buildSettings = {
				ALWAYS_SEARCH_USER_PATHS = NO;
				CLANG_ANALYZER_NONNULL = YES;
				CLANG_ANALYZER_NUMBER_OBJECT_CONVERSION = YES_AGGRESSIVE;
				CLANG_CXX_LANGUAGE_STANDARD = "gnu++14";
				CLANG_CXX_LIBRARY = "libc++";
				CLANG_ENABLE_MODULES = YES;
				CLANG_ENABLE_OBJC_ARC = YES;
				CLANG_ENABLE_OBJC_WEAK = YES;
				CLANG_WARN_BLOCK_CAPTURE_AUTORELEASING = YES;
				CLANG_WARN_BOOL_CONVERSION = YES;
				CLANG_WARN_COMMA = YES;
				CLANG_WARN_CONSTANT_CONVERSION = YES;
				CLANG_WARN_DEPRECATED_OBJC_IMPLEMENTATIONS = YES;
				CLANG_WARN_DIRECT_OBJC_ISA_USAGE = YES_ERROR;
				CLANG_WARN_DOCUMENTATION_COMMENTS = YES;
				CLANG_WARN_EMPTY_BODY = YES;
				CLANG_WARN_ENUM_CONVERSION = YES;
				CLANG_WARN_INFINITE_RECURSION = YES;
				CLANG_WARN_INT_CONVERSION = YES;
				CLANG_WARN_NON_LITERAL_NULL_CONVERSION = YES;
				CLANG_WARN_OBJC_IMPLICIT_RETAIN_SELF = YES;
				CLANG_WARN_OBJC_LITERAL_CONVERSION = YES;
				CLANG_WARN_OBJC_ROOT_CLASS = YES_ERROR;
				CLANG_WARN_RANGE_LOOP_ANALYSIS = YES;
				CLANG_WARN_STRICT_PROTOTYPES = YES;
				CLANG_WARN_SUSPICIOUS_MOVE = YES;
				CLANG_WARN_UNGUARDED_AVAILABILITY = YES_AGGRESSIVE;
				CLANG_WARN_UNREACHABLE_CODE = YES;
				CLANG_WARN__DUPLICATE_METHOD_MATCH = YES;
				COPY_PHASE_STRIP = NO;
				DEBUG_INFORMATION_FORMAT = dwarf;
				ENABLE_STRICT_OBJC_MSGSEND = YES;
				ENABLE_TESTABILITY = YES;
				GCC_C_LANGUAGE_STANDARD = gnu11;
				GCC_DYNAMIC_NO_PIC = NO;
				GCC_NO_COMMON_BLOCKS = YES;
				GCC_OPTIMIZATION_LEVEL = 0;
				GCC_PREPROCESSOR_DEFINITIONS = (
					"DEBUG=1",
					"$(inherited)",
				);
				GCC_WARN_64_TO_32_BIT_CONVERSION = YES;
				GCC_WARN_ABOUT_RETURN_TYPE = YES_ERROR;
				GCC_WARN_UNDECLARED_SELECTOR = YES;
				GCC_WARN_UNINITIALIZED_AUTOS = YES_AGGRESSIVE;
				GCC_WARN_UNUSED_FUNCTION = YES;
				GCC_WARN_UNUSED_VARIABLE = YES;
				IPHONEOS_DEPLOYMENT_TARGET = 13.4;
				MTL_ENABLE_DEBUG_INFO = INCLUDE_SOURCE;
				MTL_FAST_MATH = YES;
				ONLY_ACTIVE_ARCH = YES;
				SDKROOT = iphoneos;
				SWIFT_ACTIVE_COMPILATION_CONDITIONS = DEBUG;
				SWIFT_OPTIMIZATION_LEVEL = "-Onone";
			};
			name = Debug;
		};
		F68D690D244F78130017283F /* Release */ = {
			isa = XCBuildConfiguration;
			buildSettings = {
				ALWAYS_SEARCH_USER_PATHS = NO;
				CLANG_ANALYZER_NONNULL = YES;
				CLANG_ANALYZER_NUMBER_OBJECT_CONVERSION = YES_AGGRESSIVE;
				CLANG_CXX_LANGUAGE_STANDARD = "gnu++14";
				CLANG_CXX_LIBRARY = "libc++";
				CLANG_ENABLE_MODULES = YES;
				CLANG_ENABLE_OBJC_ARC = YES;
				CLANG_ENABLE_OBJC_WEAK = YES;
				CLANG_WARN_BLOCK_CAPTURE_AUTORELEASING = YES;
				CLANG_WARN_BOOL_CONVERSION = YES;
				CLANG_WARN_COMMA = YES;
				CLANG_WARN_CONSTANT_CONVERSION = YES;
				CLANG_WARN_DEPRECATED_OBJC_IMPLEMENTATIONS = YES;
				CLANG_WARN_DIRECT_OBJC_ISA_USAGE = YES_ERROR;
				CLANG_WARN_DOCUMENTATION_COMMENTS = YES;
				CLANG_WARN_EMPTY_BODY = YES;
				CLANG_WARN_ENUM_CONVERSION = YES;
				CLANG_WARN_INFINITE_RECURSION = YES;
				CLANG_WARN_INT_CONVERSION = YES;
				CLANG_WARN_NON_LITERAL_NULL_CONVERSION = YES;
				CLANG_WARN_OBJC_IMPLICIT_RETAIN_SELF = YES;
				CLANG_WARN_OBJC_LITERAL_CONVERSION = YES;
				CLANG_WARN_OBJC_ROOT_CLASS = YES_ERROR;
				CLANG_WARN_RANGE_LOOP_ANALYSIS = YES;
				CLANG_WARN_STRICT_PROTOTYPES = YES;
				CLANG_WARN_SUSPICIOUS_MOVE = YES;
				CLANG_WARN_UNGUARDED_AVAILABILITY = YES_AGGRESSIVE;
				CLANG_WARN_UNREACHABLE_CODE = YES;
				CLANG_WARN__DUPLICATE_METHOD_MATCH = YES;
				COPY_PHASE_STRIP = NO;
				DEBUG_INFORMATION_FORMAT = "dwarf-with-dsym";
				ENABLE_NS_ASSERTIONS = NO;
				ENABLE_STRICT_OBJC_MSGSEND = YES;
				GCC_C_LANGUAGE_STANDARD = gnu11;
				GCC_NO_COMMON_BLOCKS = YES;
				GCC_WARN_64_TO_32_BIT_CONVERSION = YES;
				GCC_WARN_ABOUT_RETURN_TYPE = YES_ERROR;
				GCC_WARN_UNDECLARED_SELECTOR = YES;
				GCC_WARN_UNINITIALIZED_AUTOS = YES_AGGRESSIVE;
				GCC_WARN_UNUSED_FUNCTION = YES;
				GCC_WARN_UNUSED_VARIABLE = YES;
				IPHONEOS_DEPLOYMENT_TARGET = 13.4;
				MTL_ENABLE_DEBUG_INFO = NO;
				MTL_FAST_MATH = YES;
				SDKROOT = iphoneos;
				SWIFT_COMPILATION_MODE = wholemodule;
				SWIFT_OPTIMIZATION_LEVEL = "-O";
				VALIDATE_PRODUCT = YES;
			};
			name = Release;
		};
		F68D690F244F78130017283F /* Debug */ = {
			isa = XCBuildConfiguration;
			buildSettings = {
				ASSETCATALOG_COMPILER_APPICON_NAME = AppIcon;
				CODE_SIGN_STYLE = Automatic;
				DEVELOPMENT_TEAM = 5G4Y4N938U;
				INFOPLIST_FILE = 100AlbumsOfiTunes/Info.plist;
				LD_RUNPATH_SEARCH_PATHS = (
					"$(inherited)",
					"@executable_path/Frameworks",
				);
				PRODUCT_BUNDLE_IDENTIFIER = "KSJain.-00AlbumsOfiTunes";
				PRODUCT_NAME = "$(TARGET_NAME)";
				SWIFT_VERSION = 5.0;
				TARGETED_DEVICE_FAMILY = 1;
			};
			name = Debug;
		};
		F68D6910244F78130017283F /* Release */ = {
			isa = XCBuildConfiguration;
			buildSettings = {
				ASSETCATALOG_COMPILER_APPICON_NAME = AppIcon;
				CODE_SIGN_STYLE = Automatic;
				DEVELOPMENT_TEAM = 5G4Y4N938U;
				INFOPLIST_FILE = 100AlbumsOfiTunes/Info.plist;
				LD_RUNPATH_SEARCH_PATHS = (
					"$(inherited)",
					"@executable_path/Frameworks",
				);
				PRODUCT_BUNDLE_IDENTIFIER = "KSJain.-00AlbumsOfiTunes";
				PRODUCT_NAME = "$(TARGET_NAME)";
				SWIFT_VERSION = 5.0;
				TARGETED_DEVICE_FAMILY = 1;
			};
			name = Release;
		};
/* End XCBuildConfiguration section */

/* Begin XCConfigurationList section */
		F68D68F5244F780F0017283F /* Build configuration list for PBXProject "100AlbumsOfiTunes" */ = {
			isa = XCConfigurationList;
			buildConfigurations = (
				F68D690C244F78130017283F /* Debug */,
				F68D690D244F78130017283F /* Release */,
			);
			defaultConfigurationIsVisible = 0;
			defaultConfigurationName = Release;
		};
		F68D690E244F78130017283F /* Build configuration list for PBXNativeTarget "100AlbumsOfiTunes" */ = {
			isa = XCConfigurationList;
			buildConfigurations = (
				F68D690F244F78130017283F /* Debug */,
				F68D6910244F78130017283F /* Release */,
			);
			defaultConfigurationIsVisible = 0;
			defaultConfigurationName = Release;
		};
/* End XCConfigurationList section */
	};
	rootObject = F68D68F2244F780F0017283F /* Project object */;
}
